
Microsoft Visual Studio Solution File, Format Version 12.00
# Visual Studio 15
VisualStudioVersion = 15.0.26730.16
MinimumVisualStudioVersion = 10.0.40219.1
Project("{FAE04EC0-301F-11D3-BF4B-00C04F79EFBC}") = "RestCustomerService", "RestCustomerService\RestCustomerService.csproj", "{1A5CC3FA-E338-4335-8359-3EBAC3D8A2F1}"
EndProject
Project("{FAE04EC0-301F-11D3-BF4B-00C04F79EFBC}") = "RestCustomerServiceTests", "RestCustomerServiceTests\RestCustomerServiceTests.csproj", "{39CC7EFB-285A-4CF0-B47E-20A9702309CA}"
EndProject
Project("{FAE04EC0-301F-11D3-BF4B-00C04F79EFBC}") = "RestCustomerClient", "RestCustomerClient\RestCustomerClient.csproj", "{9DD78BA7-37E4-49E8-AA37-393D1F5BB7EB}"
EndProject
Global
	GlobalSection(SolutionConfigurationPlatforms) = preSolution
		Debug|Any CPU = Debug|Any CPU
		Release|Any CPU = Release|Any CPU
	EndGlobalSection
	GlobalSection(ProjectConfigurationPlatforms) = postSolution
		{1A5CC3FA-E338-4335-8359-3EBAC3D8A2F1}.Debug|Any CPU.ActiveCfg = Debug|Any CPU
		{1A5CC3FA-E338-4335-8359-3EBAC3D8A2F1}.Debug|Any CPU.Build.0 = Debug|Any CPU
		{1A5CC3FA-E338-4335-8359-3EBAC3D8A2F1}.Release|Any CPU.ActiveCfg = Release|Any CPU
		{1A5CC3FA-E338-4335-8359-3EBAC3D8A2F1}.Release|Any CPU.Build.0 = Release|Any CPU
		{39CC7EFB-285A-4CF0-B47E-20A9702309CA}.Debug|Any CPU.ActiveCfg = Debug|Any CPU
		{39CC7EFB-285A-4CF0-B47E-20A9702309CA}.Debug|Any CPU.Build.0 = Debug|Any CPU
		{39CC7EFB-285A-4CF0-B47E-20A9702309CA}.Release|Any CPU.ActiveCfg = Release|Any CPU
		{39CC7EFB-285A-4CF0-B47E-20A9702309CA}.Release|Any CPU.Build.0 = Release|Any CPU
		{9DD78BA7-37E4-49E8-AA37-393D1F5BB7EB}.Debug|Any CPU.ActiveCfg = Debug|Any CPU
		{9DD78BA7-37E4-49E8-AA37-393D1F5BB7EB}.Debug|Any CPU.Build.0 = Debug|Any CPU
		{9DD78BA7-37E4-49E8-AA37-393D1F5BB7EB}.Release|Any CPU.ActiveCfg = Release|Any CPU
		{9DD78BA7-37E4-49E8-AA37-393D1F5BB7EB}.Release|Any CPU.Build.0 = Release|Any CPU
	EndGlobalSection
	GlobalSection(SolutionProperties) = preSolution
		HideSolutionNode = FALSE
	EndGlobalSection
	GlobalSection(ExtensibilityGlobals) = postSolution
		SolutionGuid = {2B838401-F059-47B7-89F3-88EB94E1B3E8}
	EndGlobalSection
EndGlobal
